
Microsoft Visual Studio Solution File, Format Version 12.00
# Visual Studio Version 17
VisualStudioVersion = 17.14.37111.16 d17.14
MinimumVisualStudioVersion = 10.0.40219.1
Project("{FAE04EC0-301F-11D3-BF4B-00C04F79EFBC}") = "Tasks C# (Array & loop)", "Tasks C# (Array & loop).csproj", "{5D04F115-5CB2-495F-B9DC-0A9A97A94454}"
EndProject
Global
	GlobalSection(SolutionConfigurationPlatforms) = preSolution
		Debug|Any CPU = Debug|Any CPU
		Release|Any CPU = Release|Any CPU
	EndGlobalSection
	GlobalSection(ProjectConfigurationPlatforms) = postSolution
		{5D04F115-5CB2-495F-B9DC-0A9A97A94454}.Debug|Any CPU.ActiveCfg = Debug|Any CPU
		{5D04F115-5CB2-495F-B9DC-0A9A97A94454}.Debug|Any CPU.Build.0 = Debug|Any CPU
		{5D04F115-5CB2-495F-B9DC-0A9A97A94454}.Release|Any CPU.ActiveCfg = Release|Any CPU
		{5D04F115-5CB2-495F-B9DC-0A9A97A94454}.Release|Any CPU.Build.0 = Release|Any CPU
	EndGlobalSection
	GlobalSection(SolutionProperties) = preSolution
		HideSolutionNode = FALSE
	EndGlobalSection
	GlobalSection(ExtensibilityGlobals) = postSolution
		SolutionGuid = {03A17441-956F-4B9D-92CE-18200C961C2A}
	EndGlobalSection
EndGlobal
