
Microsoft Visual Studio Solution File, Format Version 12.00
# Visual Studio Version 17
VisualStudioVersion = 17.14.37111.16 d17.14
MinimumVisualStudioVersion = 10.0.40219.1
Project("{FAE04EC0-301F-11D3-BF4B-00C04F79EFBC}") = "Task 1", "Task 1.csproj", "{1A79D0F9-13D1-4AE5-87DA-8F3F850EA7D8}"
EndProject
Global
	GlobalSection(SolutionConfigurationPlatforms) = preSolution
		Debug|Any CPU = Debug|Any CPU
		Release|Any CPU = Release|Any CPU
	EndGlobalSection
	GlobalSection(ProjectConfigurationPlatforms) = postSolution
		{1A79D0F9-13D1-4AE5-87DA-8F3F850EA7D8}.Debug|Any CPU.ActiveCfg = Debug|Any CPU
		{1A79D0F9-13D1-4AE5-87DA-8F3F850EA7D8}.Debug|Any CPU.Build.0 = Debug|Any CPU
		{1A79D0F9-13D1-4AE5-87DA-8F3F850EA7D8}.Release|Any CPU.ActiveCfg = Release|Any CPU
		{1A79D0F9-13D1-4AE5-87DA-8F3F850EA7D8}.Release|Any CPU.Build.0 = Release|Any CPU
	EndGlobalSection
	GlobalSection(SolutionProperties) = preSolution
		HideSolutionNode = FALSE
	EndGlobalSection
	GlobalSection(ExtensibilityGlobals) = postSolution
		SolutionGuid = {FCC283DC-5B83-41D0-A6FB-F6181D518501}
	EndGlobalSection
EndGlobal
