
Microsoft Visual Studio Solution File, Format Version 12.00
# Visual Studio Version 17
VisualStudioVersion = 17.14.37111.16 d17.14
MinimumVisualStudioVersion = 10.0.40219.1
Project("{FAE04EC0-301F-11D3-BF4B-00C04F79EFBC}") = "C# Tasks - (Methods,List,LINQ,LinkedList)", "C# Tasks - (Methods,List,LINQ,LinkedList).csproj", "{B106DD67-33DC-451E-B323-723D2F462E58}"
EndProject
Global
	GlobalSection(SolutionConfigurationPlatforms) = preSolution
		Debug|Any CPU = Debug|Any CPU
		Release|Any CPU = Release|Any CPU
	EndGlobalSection
	GlobalSection(ProjectConfigurationPlatforms) = postSolution
		{B106DD67-33DC-451E-B323-723D2F462E58}.Debug|Any CPU.ActiveCfg = Debug|Any CPU
		{B106DD67-33DC-451E-B323-723D2F462E58}.Debug|Any CPU.Build.0 = Debug|Any CPU
		{B106DD67-33DC-451E-B323-723D2F462E58}.Release|Any CPU.ActiveCfg = Release|Any CPU
		{B106DD67-33DC-451E-B323-723D2F462E58}.Release|Any CPU.Build.0 = Release|Any CPU
	EndGlobalSection
	GlobalSection(SolutionProperties) = preSolution
		HideSolutionNode = FALSE
	EndGlobalSection
	GlobalSection(ExtensibilityGlobals) = postSolution
		SolutionGuid = {83412478-F402-4C4C-BFC2-19E558934D64}
	EndGlobalSection
EndGlobal
