
Microsoft Visual Studio Solution File, Format Version 12.00
# Visual Studio Version 17
VisualStudioVersion = 17.14.37111.16 d17.14
MinimumVisualStudioVersion = 10.0.40219.1
Project("{FAE04EC0-301F-11D3-BF4B-00C04F79EFBC}") = "C# Task - (Loops,String,Array) 30 task", "C# Task - (Loops,String,Array) 30 task.csproj", "{44BDCAF2-D957-4C2A-AD9B-39FE213637B8}"
EndProject
Global
	GlobalSection(SolutionConfigurationPlatforms) = preSolution
		Debug|Any CPU = Debug|Any CPU
		Release|Any CPU = Release|Any CPU
	EndGlobalSection
	GlobalSection(ProjectConfigurationPlatforms) = postSolution
		{44BDCAF2-D957-4C2A-AD9B-39FE213637B8}.Debug|Any CPU.ActiveCfg = Debug|Any CPU
		{44BDCAF2-D957-4C2A-AD9B-39FE213637B8}.Debug|Any CPU.Build.0 = Debug|Any CPU
		{44BDCAF2-D957-4C2A-AD9B-39FE213637B8}.Release|Any CPU.ActiveCfg = Release|Any CPU
		{44BDCAF2-D957-4C2A-AD9B-39FE213637B8}.Release|Any CPU.Build.0 = Release|Any CPU
	EndGlobalSection
	GlobalSection(SolutionProperties) = preSolution
		HideSolutionNode = FALSE
	EndGlobalSection
	GlobalSection(ExtensibilityGlobals) = postSolution
		SolutionGuid = {095B31C4-1244-4DF7-B079-E3F8AC77D449}
	EndGlobalSection
EndGlobal
